
Microsoft Visual Studio Solution File, Format Version 12.00
# Visual Studio Version 16
VisualStudioVersion = 16.0.31624.102
MinimumVisualStudioVersion = 10.0.40219.1
Project("{9A19103F-16F7-4668-BE54-9A1E7A4F7556}") = "eAuction.Seller.Api", "eAuction.Seller.Api\eAuction.Seller.Api.csproj", "{97199236-1B30-4D54-B842-40B2E4A55519}"
EndProject
Project("{FAE04EC0-301F-11D3-BF4B-00C04F79EFBC}") = "eAuction.Seller.EndPoint", "eAuction.Seller.EndPoint\eAuction.Seller.EndPoint.csproj", "{D35F7879-FADC-48C3-B7E8-B8C11835F0F4}"
EndProject
Project("{FAE04EC0-301F-11D3-BF4B-00C04F79EFBC}") = "eAuction.Seller.Contract", "eAuction.Seller.Contract\eAuction.Seller.Contract.csproj", "{215F6D3B-9D28-42F5-9CCA-090E0A2B86CA}"
EndProject
Project("{FAE04EC0-301F-11D3-BF4B-00C04F79EFBC}") = "eAuction.Seller.Infrastructure", "eAuction.Seller.Infrastructure\eAuction.Seller.Infrastructure.csproj", "{BF5A9712-0396-483D-9297-0D48416C5210}"
EndProject
Project("{FAE04EC0-301F-11D3-BF4B-00C04F79EFBC}") = "eAuction.Seller.Domain", "eAuction.Seller.Domain\eAuction.Seller.Domain.csproj", "{47DDDDFA-74EE-4D58-B633-F758C55BD797}"
EndProject
Global
	GlobalSection(SolutionConfigurationPlatforms) = preSolution
		Debug|Any CPU = Debug|Any CPU
		Release|Any CPU = Release|Any CPU
	EndGlobalSection
	GlobalSection(ProjectConfigurationPlatforms) = postSolution
		{97199236-1B30-4D54-B842-40B2E4A55519}.Debug|Any CPU.ActiveCfg = Debug|Any CPU
		{97199236-1B30-4D54-B842-40B2E4A55519}.Debug|Any CPU.Build.0 = Debug|Any CPU
		{97199236-1B30-4D54-B842-40B2E4A55519}.Release|Any CPU.ActiveCfg = Release|Any CPU
		{97199236-1B30-4D54-B842-40B2E4A55519}.Release|Any CPU.Build.0 = Release|Any CPU
		{D35F7879-FADC-48C3-B7E8-B8C11835F0F4}.Debug|Any CPU.ActiveCfg = Debug|Any CPU
		{D35F7879-FADC-48C3-B7E8-B8C11835F0F4}.Debug|Any CPU.Build.0 = Debug|Any CPU
		{D35F7879-FADC-48C3-B7E8-B8C11835F0F4}.Release|Any CPU.ActiveCfg = Release|Any CPU
		{D35F7879-FADC-48C3-B7E8-B8C11835F0F4}.Release|Any CPU.Build.0 = Release|Any CPU
		{215F6D3B-9D28-42F5-9CCA-090E0A2B86CA}.Debug|Any CPU.ActiveCfg = Debug|Any CPU
		{215F6D3B-9D28-42F5-9CCA-090E0A2B86CA}.Debug|Any CPU.Build.0 = Debug|Any CPU
		{215F6D3B-9D28-42F5-9CCA-090E0A2B86CA}.Release|Any CPU.ActiveCfg = Release|Any CPU
		{215F6D3B-9D28-42F5-9CCA-090E0A2B86CA}.Release|Any CPU.Build.0 = Release|Any CPU
		{BF5A9712-0396-483D-9297-0D48416C5210}.Debug|Any CPU.ActiveCfg = Debug|Any CPU
		{BF5A9712-0396-483D-9297-0D48416C5210}.Debug|Any CPU.Build.0 = Debug|Any CPU
		{BF5A9712-0396-483D-9297-0D48416C5210}.Release|Any CPU.ActiveCfg = Release|Any CPU
		{BF5A9712-0396-483D-9297-0D48416C5210}.Release|Any CPU.Build.0 = Release|Any CPU
		{47DDDDFA-74EE-4D58-B633-F758C55BD797}.Debug|Any CPU.ActiveCfg = Debug|Any CPU
		{47DDDDFA-74EE-4D58-B633-F758C55BD797}.Debug|Any CPU.Build.0 = Debug|Any CPU
		{47DDDDFA-74EE-4D58-B633-F758C55BD797}.Release|Any CPU.ActiveCfg = Release|Any CPU
		{47DDDDFA-74EE-4D58-B633-F758C55BD797}.Release|Any CPU.Build.0 = Release|Any CPU
	EndGlobalSection
	GlobalSection(SolutionProperties) = preSolution
		HideSolutionNode = FALSE
	EndGlobalSection
	GlobalSection(ExtensibilityGlobals) = postSolution
		SolutionGuid = {1860962A-2441-4F10-A2E5-D72C23C9480A}
	EndGlobalSection
EndGlobal
